# This file is automatically @generated by Poetry 2.1.2 and should not be changed by hand.

[[package]]
name = "anyio"
version = "4.9.0"
description = "High level compatibility layer for multiple asynchronous event loop implementations"
optional = false
python-versions = ">=3.9"
groups = ["main"]
files = [
    {file = "anyio-4.9.0-py3-none-any.whl", hash = "sha256:9f76d541cad6e36af7beb62e978876f3b41e3e04f2c1fbf0884604c0a9c4d93c"},
    {file = "anyio-4.9.0.tar.gz", hash = "sha256:673c0c244e15788651a4ff38710fea9675823028a6f08a5eda409e0c9840a028"},
]

[package.dependencies]
exceptiongroup = {version = ">=1.0.2", markers = "python_version < \"3.11\""}
idna = ">=2.8"
sniffio = ">=1.1"
typing_extensions = {version = ">=4.5", markers = "python_version < \"3.13\""}

[package.extras]
doc = ["Sphinx (>=8.2,<9.0)", "packaging", "sphinx-autodoc-typehints (>=1.2.0)", "sphinx_rtd_theme"]
test = ["anyio[trio]", "blockbuster (>=1.5.23)", "coverage[toml] (>=7)", "exceptiongroup (>=1.2.0)", "hypothesis (>=4.0)", "psutil (>=5.9)", "pytest (>=7.0)", "trustme", "truststore (>=0.9.1) ; python_version >= \"3.10\"", "uvloop (>=0.21) ; platform_python_implementation == \"CPython\" and platform_system != \"Windows\" and python_version < \"3.14\""]
trio = ["trio (>=0.26.1)"]

[[package]]
name = "certifi"
version = "2025.4.26"
description = "Python package for providing Mozilla's CA Bundle."
optional = false
python-versions = ">=3.6"
groups = ["main"]
files = [
    {file = "certifi-2025.4.26-py3-none-any.whl", hash = "sha256:30350364dfe371162649852c63336a15c70c6510c2ad5015b21c2345311805f3"},
    {file = "certifi-2025.4.26.tar.gz", hash = "sha256:0a816057ea3cdefcef70270d2c515e4506bbc954f417fa5ade2021213bb8f0c6"},
]

[[package]]
name = "coverage"
version = "7.8.0"
description = "Code coverage measurement for Python"
optional = false
python-versions = ">=3.9"
groups = ["main"]
files = [
    {file = "coverage-7.8.0-cp310-cp310-macosx_10_9_x86_64.whl", hash = "sha256:2931f66991175369859b5fd58529cd4b73582461877ecfd859b6549869287ffe"},
    {file = "coverage-7.8.0-cp310-cp310-macosx_11_0_arm64.whl", hash = "sha256:52a523153c568d2c0ef8826f6cc23031dc86cffb8c6aeab92c4ff776e7951b28"},
    {file = "coverage-7.8.0-cp310-cp310-manylinux_2_17_aarch64.manylinux2014_aarch64.whl", hash = "sha256:5c8a5c139aae4c35cbd7cadca1df02ea8cf28a911534fc1b0456acb0b14234f3"},
    {file = "coverage-7.8.0-cp310-cp310-manylinux_2_5_i686.manylinux1_i686.manylinux_2_17_i686.manylinux2014_i686.whl", hash = "sha256:5a26c0c795c3e0b63ec7da6efded5f0bc856d7c0b24b2ac84b4d1d7bc578d676"},
    {file = "coverage-7.8.0-cp310-cp310-manylinux_2_5_x86_64.manylinux1_x86_64.manylinux_2_17_x86_64.manylinux2014_x86_64.whl", hash = "sha256:821f7bcbaa84318287115d54becb1915eece6918136c6f91045bb84e2f88739d"},
    {file = "coverage-7.8.0-cp310-cp310-musllinux_1_2_aarch64.whl", hash = "sha256:a321c61477ff8ee705b8a5fed370b5710c56b3a52d17b983d9215861e37b642a"},
    {file = "coverage-7.8.0-cp310-cp310-musllinux_1_2_i686.whl", hash = "sha256:ed2144b8a78f9d94d9515963ed273d620e07846acd5d4b0a642d4849e8d91a0c"},
    {file = "coverage-7.8.0-cp310-cp310-musllinux_1_2_x86_64.whl", hash = "sha256:042e7841a26498fff7a37d6fda770d17519982f5b7d8bf5278d140b67b61095f"},
    {file = "coverage-7.8.0-cp310-cp310-win32.whl", hash = "sha256:f9983d01d7705b2d1f7a95e10bbe4091fabc03a46881a256c2787637b087003f"},
    {file = "coverage-7.8.0-cp310-cp310-win_amd64.whl", hash = "sha256:5a570cd9bd20b85d1a0d7b009aaf6c110b52b5755c17be6962f8ccd65d1dbd23"},
    {file = "coverage-7.8.0-cp311-cp311-macosx_10_9_x86_64.whl", hash = "sha256:e7ac22a0bb2c7c49f441f7a6d46c9c80d96e56f5a8bc6972529ed43c8b694e27"},
    {file = "coverage-7.8.0-cp311-cp311-macosx_11_0_arm64.whl", hash = "sha256:bf13d564d310c156d1c8e53877baf2993fb3073b2fc9f69790ca6a732eb4bfea"},
    {file = "coverage-7.8.0-cp311-cp311-manylinux_2_17_aarch64.manylinux2014_aarch64.whl", hash = "sha256:a5761c70c017c1b0d21b0815a920ffb94a670c8d5d409d9b38857874c21f70d7"},
    {file = "coverage-7.8.0-cp311-cp311-manylinux_2_5_i686.manylinux1_i686.manylinux_2_17_i686.manylinux2014_i686.whl", hash = "sha256:e5ff52d790c7e1628241ffbcaeb33e07d14b007b6eb00a19320c7b8a7024c040"},
    {file = "coverage-7.8.0-cp311-cp311-manylinux_2_5_x86_64.manylinux1_x86_64.manylinux_2_17_x86_64.manylinux2014_x86_64.whl", hash = "sha256:d39fc4817fd67b3915256af5dda75fd4ee10621a3d484524487e33416c6f3543"},
    {file = "coverage-7.8.0-cp311-cp311-musllinux_1_2_aarch64.whl", hash = "sha256:b44674870709017e4b4036e3d0d6c17f06a0e6d4436422e0ad29b882c40697d2"},
    {file = "coverage-7.8.0-cp311-cp311-musllinux_1_2_i686.whl", hash = "sha256:8f99eb72bf27cbb167b636eb1726f590c00e1ad375002230607a844d9e9a2318"},
    {file = "coverage-7.8.0-cp311-cp311-musllinux_1_2_x86_64.whl", hash = "sha256:b571bf5341ba8c6bc02e0baeaf3b061ab993bf372d982ae509807e7f112554e9"},
    {file = "coverage-7.8.0-cp311-cp311-win32.whl", hash = "sha256:e75a2ad7b647fd8046d58c3132d7eaf31b12d8a53c0e4b21fa9c4d23d6ee6d3c"},
    {file = "coverage-7.8.0-cp311-cp311-win_amd64.whl", hash = "sha256:3043ba1c88b2139126fc72cb48574b90e2e0546d4c78b5299317f61b7f718b78"},
    {file = "coverage-7.8.0-cp312-cp312-macosx_10_13_x86_64.whl", hash = "sha256:bbb5cc845a0292e0c520656d19d7ce40e18d0e19b22cb3e0409135a575bf79fc"},
    {file = "coverage-7.8.0-cp312-cp312-macosx_11_0_arm64.whl", hash = "sha256:4dfd9a93db9e78666d178d4f08a5408aa3f2474ad4d0e0378ed5f2ef71640cb6"},
    {file = "coverage-7.8.0-cp312-cp312-manylinux_2_17_aarch64.manylinux2014_aarch64.whl", hash = "sha256:f017a61399f13aa6d1039f75cd467be388d157cd81f1a119b9d9a68ba6f2830d"},
    {file = "coverage-7.8.0-cp312-cp312-manylinux_2_5_i686.manylinux1_i686.manylinux_2_17_i686.manylinux2014_i686.whl", hash = "sha256:0915742f4c82208ebf47a2b154a5334155ed9ef9fe6190674b8a46c2fb89cb05"},
    {file = "coverage-7.8.0-cp312-cp312-manylinux_2_5_x86_64.manylinux1_x86_64.manylinux_2_17_x86_64.manylinux2014_x86_64.whl", hash = "sha256:8a40fcf208e021eb14b0fac6bdb045c0e0cab53105f93ba0d03fd934c956143a"},
    {file = "coverage-7.8.0-cp312-cp312-musllinux_1_2_aarch64.whl", hash = "sha256:a1f406a8e0995d654b2ad87c62caf6befa767885301f3b8f6f73e6f3c31ec3a6"},
    {file = "coverage-7.8.0-cp312-cp312-musllinux_1_2_i686.whl", hash = "sha256:77af0f6447a582fdc7de5e06fa3757a3ef87769fbb0fdbdeba78c23049140a47"},
    {file = "coverage-7.8.0-cp312-cp312-musllinux_1_2_x86_64.whl", hash = "sha256:f2d32f95922927186c6dbc8bc60df0d186b6edb828d299ab10898ef3f40052fe"},
    {file = "coverage-7.8.0-cp312-cp312-win32.whl", hash = "sha256:769773614e676f9d8e8a0980dd7740f09a6ea386d0f383db6821df07d0f08545"},
    {file = "coverage-7.8.0-cp312-cp312-win_amd64.whl", hash = "sha256:e5d2b9be5b0693cf21eb4ce0ec8d211efb43966f6657807f6859aab3814f946b"},
    {file = "coverage-7.8.0-cp313-cp313-macosx_10_13_x86_64.whl", hash = "sha256:5ac46d0c2dd5820ce93943a501ac5f6548ea81594777ca585bf002aa8854cacd"},
    {file = "coverage-7.8.0-cp313-cp313-macosx_11_0_arm64.whl", hash = "sha256:771eb7587a0563ca5bb6f622b9ed7f9d07bd08900f7589b4febff05f469bea00"},
    {file = "coverage-7.8.0-cp313-cp313-manylinux_2_17_aarch64.manylinux2014_aarch64.whl", hash = "sha256:42421e04069fb2cbcbca5a696c4050b84a43b05392679d4068acbe65449b5c64"},
    {file = "coverage-7.8.0-cp313-cp313-manylinux_2_5_i686.manylinux1_i686.manylinux_2_17_i686.manylinux2014_i686.whl", hash = "sha256:554fec1199d93ab30adaa751db68acec2b41c5602ac944bb19187cb9a41a8067"},
    {file = "coverage-7.8.0-cp313-cp313-manylinux_2_5_x86_64.manylinux1_x86_64.manylinux_2_17_x86_64.manylinux2014_x86_64.whl", hash = "sha256:5aaeb00761f985007b38cf463b1d160a14a22c34eb3f6a39d9ad6fc27cb73008"},
    {file = "coverage-7.8.0-cp313-cp313-musllinux_1_2_aarch64.whl", hash = "sha256:581a40c7b94921fffd6457ffe532259813fc68eb2bdda60fa8cc343414ce3733"},
    {file = "coverage-7.8.0-cp313-cp313-musllinux_1_2_i686.whl", hash = "sha256:f319bae0321bc838e205bf9e5bc28f0a3165f30c203b610f17ab5552cff90323"},
    {file = "coverage-7.8.0-cp313-cp313-musllinux_1_2_x86_64.whl", hash = "sha256:04bfec25a8ef1c5f41f5e7e5c842f6b615599ca8ba8391ec33a9290d9d2db3a3"},
    {file = "coverage-7.8.0-cp313-cp313-win32.whl", hash = "sha256:dd19608788b50eed889e13a5d71d832edc34fc9dfce606f66e8f9f917eef910d"},
    {file = "coverage-7.8.0-cp313-cp313-win_amd64.whl", hash = "sha256:a9abbccd778d98e9c7e85038e35e91e67f5b520776781d9a1e2ee9d400869487"},
    {file = "coverage-7.8.0-cp313-cp313t-macosx_10_13_x86_64.whl", hash = "sha256:18c5ae6d061ad5b3e7eef4363fb27a0576012a7447af48be6c75b88494c6cf25"},
    {file = "coverage-7.8.0-cp313-cp313t-macosx_11_0_arm64.whl", hash = "sha256:95aa6ae391a22bbbce1b77ddac846c98c5473de0372ba5c463480043a07bff42"},
    {file = "coverage-7.8.0-cp313-cp313t-manylinux_2_17_aarch64.manylinux2014_aarch64.whl", hash = "sha256:e013b07ba1c748dacc2a80e69a46286ff145935f260eb8c72df7185bf048f502"},
    {file = "coverage-7.8.0-cp313-cp313t-manylinux_2_5_i686.manylinux1_i686.manylinux_2_17_i686.manylinux2014_i686.whl", hash = "sha256:d766a4f0e5aa1ba056ec3496243150698dc0481902e2b8559314368717be82b1"},
    {file = "coverage-7.8.0-cp313-cp313t-manylinux_2_5_x86_64.manylinux1_x86_64.manylinux_2_17_x86_64.manylinux2014_x86_64.whl", hash = "sha256:ad80e6b4a0c3cb6f10f29ae4c60e991f424e6b14219d46f1e7d442b938ee68a4"},
    {file = "coverage-7.8.0-cp313-cp313t-musllinux_1_2_aarch64.whl", hash = "sha256:b87eb6fc9e1bb8f98892a2458781348fa37e6925f35bb6ceb9d4afd54ba36c73"},
    {file = "coverage-7.8.0-cp313-cp313t-musllinux_1_2_i686.whl", hash = "sha256:d1ba00ae33be84066cfbe7361d4e04dec78445b2b88bdb734d0d1cbab916025a"},
    {file = "coverage-7.8.0-cp313-cp313t-musllinux_1_2_x86_64.whl", hash = "sha256:f3c38e4e5ccbdc9198aecc766cedbb134b2d89bf64533973678dfcf07effd883"},
    {file = "coverage-7.8.0-cp313-cp313t-win32.whl", hash = "sha256:379fe315e206b14e21db5240f89dc0774bdd3e25c3c58c2c733c99eca96f1ada"},
    {file = "coverage-7.8.0-cp313-cp313t-win_amd64.whl", hash = "sha256:2e4b6b87bb0c846a9315e3ab4be2d52fac905100565f4b92f02c445c8799e257"},
    {file = "coverage-7.8.0-cp39-cp39-macosx_10_9_x86_64.whl", hash = "sha256:fa260de59dfb143af06dcf30c2be0b200bed2a73737a8a59248fcb9fa601ef0f"},
    {file = "coverage-7.8.0-cp39-cp39-macosx_11_0_arm64.whl", hash = "sha256:96121edfa4c2dfdda409877ea8608dd01de816a4dc4a0523356067b305e4e17a"},
    {file = "coverage-7.8.0-cp39-cp39-manylinux_2_17_aarch64.manylinux2014_aarch64.whl", hash = "sha256:6b8af63b9afa1031c0ef05b217faa598f3069148eeee6bb24b79da9012423b82"},
    {file = "coverage-7.8.0-cp39-cp39-manylinux_2_5_i686.manylinux1_i686.manylinux_2_17_i686.manylinux2014_i686.whl", hash = "sha256:89b1f4af0d4afe495cd4787a68e00f30f1d15939f550e869de90a86efa7e0814"},
    {file = "coverage-7.8.0-cp39-cp39-manylinux_2_5_x86_64.manylinux1_x86_64.manylinux_2_17_x86_64.manylinux2014_x86_64.whl", hash = "sha256:94ec0be97723ae72d63d3aa41961a0b9a6f5a53ff599813c324548d18e3b9e8c"},
    {file = "coverage-7.8.0-cp39-cp39-musllinux_1_2_aarch64.whl", hash = "sha256:8a1d96e780bdb2d0cbb297325711701f7c0b6f89199a57f2049e90064c29f6bd"},
    {file = "coverage-7.8.0-cp39-cp39-musllinux_1_2_i686.whl", hash = "sha256:f1d8a2a57b47142b10374902777e798784abf400a004b14f1b0b9eaf1e528ba4"},
    {file = "coverage-7.8.0-cp39-cp39-musllinux_1_2_x86_64.whl", hash = "sha256:cf60dd2696b457b710dd40bf17ad269d5f5457b96442f7f85722bdb16fa6c899"},
    {file = "coverage-7.8.0-cp39-cp39-win32.whl", hash = "sha256:be945402e03de47ba1872cd5236395e0f4ad635526185a930735f66710e1bd3f"},
    {file = "coverage-7.8.0-cp39-cp39-win_amd64.whl", hash = "sha256:90e7fbc6216ecaffa5a880cdc9c77b7418c1dcb166166b78dbc630d07f278cc3"},
    {file = "coverage-7.8.0-pp39.pp310.pp311-none-any.whl", hash = "sha256:b8194fb8e50d556d5849753de991d390c5a1edeeba50f68e3a9253fbd8bf8ccd"},
    {file = "coverage-7.8.0-py3-none-any.whl", hash = "sha256:dbf364b4c5e7bae9250528167dfe40219b62e2d573c854d74be213e1e52069f7"},
    {file = "coverage-7.8.0.tar.gz", hash = "sha256:7a3d62b3b03b4b6fd41a085f3574874cf946cb4604d2b4d3e8dca8cd570ca501"},
]

[package.extras]
toml = ["tomli ; python_full_version <= \"3.11.0a6\""]

[[package]]
name = "coverage-badge"
version = "1.1.2"
description = "Generate coverage badges for Coverage.py."
optional = false
python-versions = "*"
groups = ["main"]
files = [
    {file = "coverage_badge-1.1.2-py2.py3-none-any.whl", hash = "sha256:d8413ce51c91043a1692b943616b450868cbeeb0ea6a0c54a32f8318c9c96ff7"},
    {file = "coverage_badge-1.1.2.tar.gz", hash = "sha256:fe7ed58a3b72dad85a553b64a99e963dea3847dcd0b8ddd2b38a00333618642c"},
]

[package.dependencies]
coverage = "*"
setuptools = "*"

[[package]]
name = "exceptiongroup"
version = "1.2.2"
description = "Backport of PEP 654 (exception groups)"
optional = false
python-versions = ">=3.7"
groups = ["main"]
markers = "python_version == \"3.10\""
files = [
    {file = "exceptiongroup-1.2.2-py3-none-any.whl", hash = "sha256:3111b9d131c238bec2f8f516e123e14ba243563fb135d3fe885990585aa7795b"},
    {file = "exceptiongroup-1.2.2.tar.gz", hash = "sha256:47c2edf7c6738fafb49fd34290706d1a1a2f4d1c6df275526b62cbb4aa5393cc"},
]

[package.extras]
test = ["pytest (>=6)"]

[[package]]
name = "h11"
version = "0.16.0"
description = "A pure-Python, bring-your-own-I/O implementation of HTTP/1.1"
optional = false
python-versions = ">=3.8"
groups = ["main"]
files = [
    {file = "h11-0.16.0-py3-none-any.whl", hash = "sha256:63cf8bbe7522de3bf65932fda1d9c2772064ffb3dae62d55932da54b31cb6c86"},
    {file = "h11-0.16.0.tar.gz", hash = "sha256:4e35b956cf45792e4caa5885e69fba00bdbc6ffafbfa020300e549b208ee5ff1"},
]

[[package]]
name = "httpcore"
version = "1.0.9"
description = "A minimal low-level HTTP client."
optional = false
python-versions = ">=3.8"
groups = ["main"]
files = [
    {file = "httpcore-1.0.9-py3-none-any.whl", hash = "sha256:2d400746a40668fc9dec9810239072b40b4484b640a8c38fd654a024c7a1bf55"},
    {file = "httpcore-1.0.9.tar.gz", hash = "sha256:6e34463af53fd2ab5d807f399a9b45ea31c3dfa2276f15a2c3f00afff6e176e8"},
]

[package.dependencies]
certifi = "*"
h11 = ">=0.16"

[package.extras]
asyncio = ["anyio (>=4.0,<5.0)"]
http2 = ["h2 (>=3,<5)"]
socks = ["socksio (==1.*)"]
trio = ["trio (>=0.22.0,<1.0)"]

[[package]]
name = "httpx"
version = "0.26.0"
description = "The next generation HTTP client."
optional = false
python-versions = ">=3.8"
groups = ["main"]
files = [
    {file = "httpx-0.26.0-py3-none-any.whl", hash = "sha256:8915f5a3627c4d47b73e8202457cb28f1266982d1159bd5779d86a80c0eab1cd"},
    {file = "httpx-0.26.0.tar.gz", hash = "sha256:451b55c30d5185ea6b23c2c793abf9bb237d2a7dfb901ced6ff69ad37ec1dfaf"},
]

[package.dependencies]
anyio = "*"
certifi = "*"
httpcore = "==1.*"
idna = "*"
sniffio = "*"

[package.extras]
brotli = ["brotli ; platform_python_implementation == \"CPython\"", "brotlicffi ; platform_python_implementation != \"CPython\""]
cli = ["click (==8.*)", "pygments (==2.*)", "rich (>=10,<14)"]
http2 = ["h2 (>=3,<5)"]
socks = ["socksio (==1.*)"]

[[package]]
name = "idna"
version = "3.10"
description = "Internationalized Domain Names in Applications (IDNA)"
optional = false
python-versions = ">=3.6"
groups = ["main"]
files = [
    {file = "idna-3.10-py3-none-any.whl", hash = "sha256:946d195a0d259cbba61165e88e65941f16e9b36ea6ddb97f00452bae8b1287d3"},
    {file = "idna-3.10.tar.gz", hash = "sha256:12f65c9b470abda6dc35cf8e63cc574b1c52b11df2c86030af0ac09b01b13ea9"},
]

[package.extras]
all = ["flake8 (>=7.1.1)", "mypy (>=1.11.2)", "pytest (>=8.3.2)", "ruff (>=0.6.2)"]

[[package]]
name = "ruff"
version = "0.2.2"
description = "An extremely fast Python linter and code formatter, written in Rust."
optional = false
python-versions = ">=3.7"
groups = ["main"]
files = [
    {file = "ruff-0.2.2-py3-none-macosx_10_12_x86_64.macosx_11_0_arm64.macosx_10_12_universal2.whl", hash = "sha256:0a9efb032855ffb3c21f6405751d5e147b0c6b631e3ca3f6b20f917572b97eb6"},
    {file = "ruff-0.2.2-py3-none-macosx_10_12_x86_64.whl", hash = "sha256:d450b7fbff85913f866a5384d8912710936e2b96da74541c82c1b458472ddb39"},
    {file = "ruff-0.2.2-py3-none-manylinux_2_17_aarch64.manylinux2014_aarch64.whl", hash = "sha256:ecd46e3106850a5c26aee114e562c329f9a1fbe9e4821b008c4404f64ff9ce73"},
    {file = "ruff-0.2.2-py3-none-manylinux_2_17_armv7l.manylinux2014_armv7l.whl", hash = "sha256:5e22676a5b875bd72acd3d11d5fa9075d3a5f53b877fe7b4793e4673499318ba"},
    {file = "ruff-0.2.2-py3-none-manylinux_2_17_i686.manylinux2014_i686.whl", hash = "sha256:1695700d1e25a99d28f7a1636d85bafcc5030bba9d0578c0781ba1790dbcf51c"},
    {file = "ruff-0.2.2-py3-none-manylinux_2_17_ppc64.manylinux2014_ppc64.whl", hash = "sha256:b0c232af3d0bd8f521806223723456ffebf8e323bd1e4e82b0befb20ba18388e"},
    {file = "ruff-0.2.2-py3-none-manylinux_2_17_ppc64le.manylinux2014_ppc64le.whl", hash = "sha256:f63d96494eeec2fc70d909393bcd76c69f35334cdbd9e20d089fb3f0640216ca"},
    {file = "ruff-0.2.2-py3-none-manylinux_2_17_s390x.manylinux2014_s390x.whl", hash = "sha256:6a61ea0ff048e06de273b2e45bd72629f470f5da8f71daf09fe481278b175001"},
    {file = "ruff-0.2.2-py3-none-manylinux_2_17_x86_64.manylinux2014_x86_64.whl", hash = "sha256:5e1439c8f407e4f356470e54cdecdca1bd5439a0673792dbe34a2b0a551a2fe3"},
    {file = "ruff-0.2.2-py3-none-musllinux_1_2_aarch64.whl", hash = "sha256:940de32dc8853eba0f67f7198b3e79bc6ba95c2edbfdfac2144c8235114d6726"},
    {file = "ruff-0.2.2-py3-none-musllinux_1_2_armv7l.whl", hash = "sha256:0c126da55c38dd917621552ab430213bdb3273bb10ddb67bc4b761989210eb6e"},
    {file = "ruff-0.2.2-py3-none-musllinux_1_2_i686.whl", hash = "sha256:3b65494f7e4bed2e74110dac1f0d17dc8e1f42faaa784e7c58a98e335ec83d7e"},
    {file = "ruff-0.2.2-py3-none-musllinux_1_2_x86_64.whl", hash = "sha256:1ec49be4fe6ddac0503833f3ed8930528e26d1e60ad35c2446da372d16651ce9"},
    {file = "ruff-0.2.2-py3-none-win32.whl", hash = "sha256:d920499b576f6c68295bc04e7b17b6544d9d05f196bb3aac4358792ef6f34325"},
    {file = "ruff-0.2.2-py3-none-win_amd64.whl", hash = "sha256:cc9a91ae137d687f43a44c900e5d95e9617cb37d4c989e462980ba27039d239d"},
    {file = "ruff-0.2.2-py3-none-win_arm64.whl", hash = "sha256:c9d15fc41e6054bfc7200478720570078f0b41c9ae4f010bcc16bd6f4d1aacdd"},
    {file = "ruff-0.2.2.tar.gz", hash = "sha256:e62ed7f36b3068a30ba39193a14274cd706bc486fad521276458022f7bccb31d"},
]

[[package]]
name = "setuptools"
version = "79.0.1"
description = "Easily download, build, install, upgrade, and uninstall Python packages"
optional = false
python-versions = ">=3.9"
groups = ["main"]
files = [
    {file = "setuptools-79.0.1-py3-none-any.whl", hash = "sha256:e147c0549f27767ba362f9da434eab9c5dc0045d5304feb602a0af001089fc51"},
    {file = "setuptools-79.0.1.tar.gz", hash = "sha256:128ce7b8f33c3079fd1b067ecbb4051a66e8526e7b65f6cec075dfc650ddfa88"},
]

[package.extras]
check = ["pytest-checkdocs (>=2.4)", "pytest-ruff (>=0.2.1) ; sys_platform != \"cygwin\"", "ruff (>=0.8.0) ; sys_platform != \"cygwin\""]
core = ["importlib_metadata (>=6) ; python_version < \"3.10\"", "jaraco.functools (>=4)", "jaraco.text (>=3.7)", "more_itertools", "more_itertools (>=8.8)", "packaging (>=24.2)", "platformdirs (>=4.2.2)", "tomli (>=2.0.1) ; python_version < \"3.11\"", "wheel (>=0.43.0)"]
cover = ["pytest-cov"]
doc = ["furo", "jaraco.packaging (>=9.3)", "jaraco.tidelift (>=1.4)", "pygments-github-lexers (==0.0.5)", "pyproject-hooks (!=1.1)", "rst.linker (>=1.9)", "sphinx (>=3.5)", "sphinx-favicon", "sphinx-inline-tabs", "sphinx-lint", "sphinx-notfound-page (>=1,<2)", "sphinx-reredirects", "sphinxcontrib-towncrier", "towncrier (<24.7)"]
enabler = ["pytest-enabler (>=2.2)"]
test = ["build[virtualenv] (>=1.0.3)", "filelock (>=3.4.0)", "ini2toml[lite] (>=0.14)", "jaraco.develop (>=7.21) ; python_version >= \"3.9\" and sys_platform != \"cygwin\"", "jaraco.envs (>=2.2)", "jaraco.path (>=3.7.2)", "jaraco.test (>=5.5)", "packaging (>=24.2)", "pip (>=19.1)", "pyproject-hooks (!=1.1)", "pytest (>=6,!=8.1.*)", "pytest-home (>=0.5)", "pytest-perf ; sys_platform != \"cygwin\"", "pytest-subprocess", "pytest-timeout", "pytest-xdist (>=3)", "tomli-w (>=1.0.0)", "virtualenv (>=13.0.0)", "wheel (>=0.44.0)"]
type = ["importlib_metadata (>=7.0.2) ; python_version < \"3.10\"", "jaraco.develop (>=7.21) ; sys_platform != \"cygwin\"", "mypy (==1.14.*)", "pytest-mypy"]

[[package]]
name = "sniffio"
version = "1.3.1"
description = "Sniff out which async library your code is running under"
optional = false
python-versions = ">=3.7"
groups = ["main"]
files = [
    {file = "sniffio-1.3.1-py3-none-any.whl", hash = "sha256:2f6da418d1f1e0fddd844478f41680e794e6051915791a034ff65e5f100525a2"},
    {file = "sniffio-1.3.1.tar.gz", hash = "sha256:f4324edc670a0f49750a81b895f35c3adb843cca46f0530f79fc1babb23789dc"},
]

[[package]]
name = "typing-extensions"
version = "4.13.2"
description = "Backported and Experimental Type Hints for Python 3.8+"
optional = false
python-versions = ">=3.8"
groups = ["main"]
markers = "python_version < \"3.13\""
files = [
    {file = "typing_extensions-4.13.2-py3-none-any.whl", hash = "sha256:a439e7c04b49fec3e5d3e2beaa21755cadbbdc391694e28ccdd36ca4a1408f8c"},
    {file = "typing_extensions-4.13.2.tar.gz", hash = "sha256:e6c81219bd689f51865d9e372991c540bda33a0379d5573cddb9a3a23f7caaef"},
]

[metadata]
lock-version = "2.1"
python-versions = "^3.10"
content-hash = "a7baa177db7098939120210ff8855621934995de88f115c330d677b5b4a7560c"
